
Microsoft Visual Studio Solution File, Format Version 12.00
# Visual Studio Version 16
VisualStudioVersion = 16.0.31424.327
MinimumVisualStudioVersion = 10.0.40219.1
Project("{FAE04EC0-301F-11D3-BF4B-00C04F79EFBC}") = "FrontEnd", "FrontEnd\FrontEnd.csproj", "{3FDD31A3-2C17-4659-8029-357FAD907106}"
EndProject
Project("{FAE04EC0-301F-11D3-BF4B-00C04F79EFBC}") = "Backend", "Backend\Backend.csproj", "{75AFE358-626B-4D15-A85D-40ACCE6BFAF3}"
EndProject
Global
	GlobalSection(SolutionConfigurationPlatforms) = preSolution
		Debug|Any CPU = Debug|Any CPU
		Release|Any CPU = Release|Any CPU
	EndGlobalSection
	GlobalSection(ProjectConfigurationPlatforms) = postSolution
		{3FDD31A3-2C17-4659-8029-357FAD907106}.Debug|Any CPU.ActiveCfg = Debug|Any CPU
		{3FDD31A3-2C17-4659-8029-357FAD907106}.Debug|Any CPU.Build.0 = Debug|Any CPU
		{3FDD31A3-2C17-4659-8029-357FAD907106}.Release|Any CPU.ActiveCfg = Release|Any CPU
		{3FDD31A3-2C17-4659-8029-357FAD907106}.Release|Any CPU.Build.0 = Release|Any CPU
		{75AFE358-626B-4D15-A85D-40ACCE6BFAF3}.Debug|Any CPU.ActiveCfg = Debug|Any CPU
		{75AFE358-626B-4D15-A85D-40ACCE6BFAF3}.Debug|Any CPU.Build.0 = Debug|Any CPU
		{75AFE358-626B-4D15-A85D-40ACCE6BFAF3}.Release|Any CPU.ActiveCfg = Release|Any CPU
		{75AFE358-626B-4D15-A85D-40ACCE6BFAF3}.Release|Any CPU.Build.0 = Release|Any CPU
	EndGlobalSection
	GlobalSection(SolutionProperties) = preSolution
		HideSolutionNode = FALSE
	EndGlobalSection
	GlobalSection(ExtensibilityGlobals) = postSolution
		SolutionGuid = {89B9D885-96CC-46FE-A194-AFCD36FA51FC}
	EndGlobalSection
EndGlobal
